
Microsoft Visual Studio Solution File, Format Version 12.00
# Visual Studio Version 17
VisualStudioVersion = 17.10.34916.146
MinimumVisualStudioVersion = 10.0.40219.1
Project("{FAE04EC0-301F-11D3-BF4B-00C04F79EFBC}") = "AmhPorterTest", "AmhPorterTest.csproj", "{EB038E30-4E9B-48E1-9F1E-476241143C28}"
EndProject
Global
	GlobalSection(SolutionConfigurationPlatforms) = preSolution
		Debug|Any CPU = Debug|Any CPU
		Release|Any CPU = Release|Any CPU
	EndGlobalSection
	GlobalSection(ProjectConfigurationPlatforms) = postSolution
		{EB038E30-4E9B-48E1-9F1E-476241143C28}.Debug|Any CPU.ActiveCfg = Debug|Any CPU
		{EB038E30-4E9B-48E1-9F1E-476241143C28}.Debug|Any CPU.Build.0 = Debug|Any CPU
		{EB038E30-4E9B-48E1-9F1E-476241143C28}.Release|Any CPU.ActiveCfg = Release|Any CPU
		{EB038E30-4E9B-48E1-9F1E-476241143C28}.Release|Any CPU.Build.0 = Release|Any CPU
	EndGlobalSection
	GlobalSection(SolutionProperties) = preSolution
		HideSolutionNode = FALSE
	EndGlobalSection
	GlobalSection(ExtensibilityGlobals) = postSolution
		SolutionGuid = {EBD56FE7-EB44-4EEF-BD30-9C72010B05CE}
	EndGlobalSection
EndGlobal
